
Microsoft Visual Studio Solution File, Format Version 12.00
# Visual Studio Version 16
VisualStudioVersion = 16.0.31702.278
MinimumVisualStudioVersion = 10.0.40219.1
Project("{FAE04EC0-301F-11D3-BF4B-00C04F79EFBC}") = "ExtensionMethods", "ExtensionMethods.csproj", "{F3C79B25-E4D2-4A7F-9102-83A3F029C189}"
EndProject
Global
	GlobalSection(SolutionConfigurationPlatforms) = preSolution
		Debug|Any CPU = Debug|Any CPU
		Release|Any CPU = Release|Any CPU
	EndGlobalSection
	GlobalSection(ProjectConfigurationPlatforms) = postSolution
		{F3C79B25-E4D2-4A7F-9102-83A3F029C189}.Debug|Any CPU.ActiveCfg = Debug|Any CPU
		{F3C79B25-E4D2-4A7F-9102-83A3F029C189}.Debug|Any CPU.Build.0 = Debug|Any CPU
		{F3C79B25-E4D2-4A7F-9102-83A3F029C189}.Release|Any CPU.ActiveCfg = Release|Any CPU
		{F3C79B25-E4D2-4A7F-9102-83A3F029C189}.Release|Any CPU.Build.0 = Release|Any CPU
	EndGlobalSection
	GlobalSection(SolutionProperties) = preSolution
		HideSolutionNode = FALSE
	EndGlobalSection
	GlobalSection(ExtensibilityGlobals) = postSolution
		SolutionGuid = {30496640-9060-4F00-A017-47BC13D54F3A}
	EndGlobalSection
EndGlobal
